{
  "name": "scheduler-app",
  "version": "1.0.0",
  "lockfileVersion": 3,
  "requires": true,
  "packages": {
    "": {
      "name": "scheduler-app",
      "version": "1.0.0",
      "dependencies": {
        "croner": "^7.0.5"
      }
    },
    "node_modules/croner": {
      "version": "7.0.8",
      "resolved": "https://registry.npmjs.org/croner/-/croner-7.0.8.tgz",
      "integrity": "sha512-4E27J9ZQV9prM9ggU18QGPYPMSblbA9JuGv4Ff3Gk6supX4RszNGQxBgiFBL6wb/L9HuSMpFbQpduMiDRo+z5Q==",
      "license": "MIT",
      "engines": {
        "node": ">=6.0"
      }
    }
  }
}
